
Microsoft Visual Studio Solution File, Format Version 12.00
# Visual Studio Version 16
VisualStudioVersion = 16.0.29418.71
MinimumVisualStudioVersion = 10.0.40219.1
Project("{FAE04EC0-301F-11D3-BF4B-00C04F79EFBC}") = "apiTurnos", "apiTurnos\apiTurnos.csproj", "{9D8DBEBE-DE8D-4C0D-B46C-EED0DA7BD894}"
EndProject
Global
	GlobalSection(SolutionConfigurationPlatforms) = preSolution
		Debug|Any CPU = Debug|Any CPU
		Release|Any CPU = Release|Any CPU
	EndGlobalSection
	GlobalSection(ProjectConfigurationPlatforms) = postSolution
		{9D8DBEBE-DE8D-4C0D-B46C-EED0DA7BD894}.Debug|Any CPU.ActiveCfg = Debug|Any CPU
		{9D8DBEBE-DE8D-4C0D-B46C-EED0DA7BD894}.Debug|Any CPU.Build.0 = Debug|Any CPU
		{9D8DBEBE-DE8D-4C0D-B46C-EED0DA7BD894}.Release|Any CPU.ActiveCfg = Release|Any CPU
		{9D8DBEBE-DE8D-4C0D-B46C-EED0DA7BD894}.Release|Any CPU.Build.0 = Release|Any CPU
	EndGlobalSection
	GlobalSection(SolutionProperties) = preSolution
		HideSolutionNode = FALSE
	EndGlobalSection
	GlobalSection(ExtensibilityGlobals) = postSolution
		SolutionGuid = {E0BAE7C5-69F6-4C3B-9FBB-94257B9AFAD8}
	EndGlobalSection
EndGlobal
